{
    "_readme": [
        "This file locks the dependencies of your project to a known state",
        "Read more about it at https://getcomposer.org/doc/01-basic-usage.md#installing-dependencies",
        "This file is @generated automatically"
    ],
    "content-hash": "1557e3862902c2f7d60ebb313e27212f",
    "packages": [
        {
            "name": "brainfoolong/cryptojs-aes-php",
            "version": "2.1.1",
            "source": {
                "type": "git",
                "url": "https://github.com/brainfoolong/cryptojs-aes-php.git",
                "reference": "b73384d8c683d80a682521c827e16dba692ced10"
            },
            "dist": {
                "type": "zip",
                "url": "https://api.github.com/repos/brainfoolong/cryptojs-aes-php/zipball/b73384d8c683d80a682521c827e16dba692ced10",
                "reference": "b73384d8c683d80a682521c827e16dba692ced10",
                "shasum": ""
            },
            "require": {
                "ext-json": "*",
                "ext-openssl": "*",
                "php": ">=7.0.0"
            },
            "type": "library",
            "autoload": {
                "psr-4": {
                    "Nullix\\CryptoJsAes\\": "src/"
                }
            },
            "notification-url": "https://packagist.org/downloads/",
            "license": [
                "MIT"
            ],
            "authors": [
                {
                    "name": "Roland Eigelsreiter",
                    "homepage": "https://github.com/brainfoolong/cryptojs-aes-php",
                    "role": "Developer"
                }
            ],
            "description": "CryptoJS 3.x AES encryption/decryption on client side with Javascript and on server side with PHP",
            "homepage": "https://github.com/brainfoolong/cryptojs-aes-php",
            "keywords": [
                "aes",
                "encryption",
                "javascript",
                "php"
            ],
            "support": {
                "issues": "https://github.com/brainfoolong/cryptojs-aes-php/issues",
                "source": "https://github.com/brainfoolong/cryptojs-aes-php/tree/2.1.1"
            },
            "funding": [
                {
                    "url": "https://github.com/brainfoolong",
                    "type": "github"
                }
            ],
            "time": "2021-01-15T10:16:05+00:00"
        },
        {
            "name": "hemiframe/php-aes",
            "version": "1.2.1",
            "source": {
                "type": "git",
                "url": "https://github.com/heminei/php-aes.git",
                "reference": "0874d5d071d0c1fe1011f551cf0053c8334fcbfa"
            },
            "dist": {
                "type": "zip",
                "url": "https://api.github.com/repos/heminei/php-aes/zipball/0874d5d071d0c1fe1011f551cf0053c8334fcbfa",
                "reference": "0874d5d071d0c1fe1011f551cf0053c8334fcbfa",
                "shasum": ""
            },
            "require": {
                "php": ">=7.1"
            },
            "type": "library",
            "autoload": {
                "psr-4": {
                    "HemiFrame\\": "src/HemiFrame"
                }
            },
            "notification-url": "https://packagist.org/downloads/",
            "license": [
                "MIT"
            ],
            "authors": [
                {
                    "name": "Martin",
                    "email": "heminei@heminei.com",
                    "role": "Developer"
                }
            ],
            "description": "PHP class for encrypt and decrypt data with AES algorithm",
            "keywords": [
                "aes",
                "decrypt",
                "encrypt",
                "openssl",
                "php"
            ],
            "support": {
                "issues": "https://github.com/heminei/php-aes/issues",
                "source": "https://github.com/heminei/php-aes/tree/master"
            },
            "time": "2020-03-30T13:42:42+00:00"
        },
        {
            "name": "phpaes/phpaes",
            "version": "3.1.0",
            "source": {
                "type": "git",
                "url": "https://github.com/phillipsdata/phpaes.git",
                "reference": "ac8bee16e70fb4dc937e9367e26aafb98a675ac1"
            },
            "dist": {
                "type": "zip",
                "url": "https://api.github.com/repos/phillipsdata/phpaes/zipball/ac8bee16e70fb4dc937e9367e26aafb98a675ac1",
                "reference": "ac8bee16e70fb4dc937e9367e26aafb98a675ac1",
                "shasum": ""
            },
            "require": {
                "php": ">=5.3"
            },
            "require-dev": {
                "phpunit/phpunit": "^4.0",
                "squizlabs/php_codesniffer": "^2.0"
            },
            "type": "library",
            "autoload": {
                "psr-4": {
                    "PhpAes\\": "src/"
                }
            },
            "notification-url": "https://packagist.org/downloads/",
            "license": [
                "MIT"
            ],
            "description": "AES cipher - FIPS 192 compliant",
            "support": {
                "issues": "https://github.com/phillipsdata/phpaes/issues",
                "source": "https://github.com/phillipsdata/phpaes/tree/3.1.0"
            },
            "time": "2018-01-16T01:21:58+00:00"
        }
    ],
    "packages-dev": [],
    "aliases": [],
    "minimum-stability": "stable",
    "stability-flags": [],
    "prefer-stable": false,
    "prefer-lowest": false,
    "platform": [],
    "platform-dev": [],
    "plugin-api-version": "2.0.0"
}
